// !$*UTF8*$!
{
	archiveVersion = 1;
	classes = {
	};
	objectVersion = 48;
	objects = {

/* Begin PBXBuildFile section */
		B7BD2813205C9AD8008F037A /* OpenGL.framework in Frameworks */ = {isa = PBXBuildFile; fileRef = B7BD2812205C9AD8008F037A /* OpenGL.framework */; };
		B7BD2815205C9AE1008F037A /* CoreVideo.framework in Frameworks */ = {isa = PBXBuildFile; fileRef = B7BD2814205C9AE1008F037A /* CoreVideo.framework */; };
		B7BD2817205C9AE6008F037A /* IOKit.framework in Frameworks */ = {isa = PBXBuildFile; fileRef = B7BD2816205C9AE6008F037A /* IOKit.framework */; };
		B7BD2819205C9AEB008F037A /* Cocoa.framework in Frameworks */ = {isa = PBXBuildFile; fileRef = B7BD2818205C9AEB008F037A /* Cocoa.framework */; };
		B7BD281C205C9B49008F037A /* libGLEW.a in Frameworks */ = {isa = PBXBuildFile; fileRef = B7BD281A205C9B49008F037A /* libGLEW.a */; };
		B7BD281D205C9B49008F037A /* libglfw3.a in Frameworks */ = {isa = PBXBuildFile; fileRef = B7BD281B205C9B49008F037A /* libglfw3.a */; };
		B7BD281F205C9B94008F037A /* data in CopyFiles */ = {isa = PBXBuildFile; fileRef = B7BD281E205C9B94008F037A /* data */; };
		B7BD2838205C9BAF008F037A /* Camera.cpp in Sources */ = {isa = PBXBuildFile; fileRef = B7BD282A205C9BA6008F037A /* Camera.cpp */; };
		B7BD2839205C9BAF008F037A /* Game.cpp in Sources */ = {isa = PBXBuildFile; fileRef = B7BD282F205C9BA6008F037A /* Game.cpp */; };
		B7BD283A205C9BAF008F037A /* GraphicsSystem.cpp in Sources */ = {isa = PBXBuildFile; fileRef = B7BD2823205C9BA5008F037A /* GraphicsSystem.cpp */; };
		B7BD283B205C9BAF008F037A /* linmath.cpp in Sources */ = {isa = PBXBuildFile; fileRef = B7BD2821205C9BA5008F037A /* linmath.cpp */; };
		B7BD283C205C9BAF008F037A /* main.cpp in Sources */ = {isa = PBXBuildFile; fileRef = B7BD2827205C9BA6008F037A /* main.cpp */; };
		B7BD283D205C9BAF008F037A /* Shader.cpp in Sources */ = {isa = PBXBuildFile; fileRef = B7BD2829205C9BA6008F037A /* Shader.cpp */; };
		B7BD283E205C9BAF008F037A /* Texture.cpp in Sources */ = {isa = PBXBuildFile; fileRef = B7BD2828205C9BA6008F037A /* Texture.cpp */; };
/* End PBXBuildFile section */

/* Begin PBXCopyFilesBuildPhase section */
		B7BD2805205C9AAA008F037A /* CopyFiles */ = {
			isa = PBXCopyFilesBuildPhase;
			buildActionMask = 12;
			dstPath = "";
			dstSubfolderSpec = 16;
			files = (
				B7BD281F205C9B94008F037A /* data in CopyFiles */,
			);
			runOnlyForDeploymentPostprocessing = 0;
		};
/* End PBXCopyFilesBuildPhase section */

/* Begin PBXFileReference section */
		B7BD2807205C9AAA008F037A /* 09-EntityComponentSystem */ = {isa = PBXFileReference; explicitFileType = "compiled.mach-o.executable"; includeInIndex = 0; path = "09-EntityComponentSystem"; sourceTree = BUILT_PRODUCTS_DIR; };
		B7BD2812205C9AD8008F037A /* OpenGL.framework */ = {isa = PBXFileReference; lastKnownFileType = wrapper.framework; name = OpenGL.framework; path = System/Library/Frameworks/OpenGL.framework; sourceTree = SDKROOT; };
		B7BD2814205C9AE1008F037A /* CoreVideo.framework */ = {isa = PBXFileReference; lastKnownFileType = wrapper.framework; name = CoreVideo.framework; path = System/Library/Frameworks/CoreVideo.framework; sourceTree = SDKROOT; };
		B7BD2816205C9AE6008F037A /* IOKit.framework */ = {isa = PBXFileReference; lastKnownFileType = wrapper.framework; name = IOKit.framework; path = System/Library/Frameworks/IOKit.framework; sourceTree = SDKROOT; };
		B7BD2818205C9AEB008F037A /* Cocoa.framework */ = {isa = PBXFileReference; lastKnownFileType = wrapper.framework; name = Cocoa.framework; path = System/Library/Frameworks/Cocoa.framework; sourceTree = SDKROOT; };
		B7BD281A205C9B49008F037A /* libGLEW.a */ = {isa = PBXFileReference; lastKnownFileType = archive.ar; name = libGLEW.a; path = ../../../../../../../../../../usr/local/Cellar/glew/2.1.0/lib/libGLEW.a; sourceTree = "<group>"; };
		B7BD281B205C9B49008F037A /* libglfw3.a */ = {isa = PBXFileReference; lastKnownFileType = archive.ar; name = libglfw3.a; path = ../../../../../../../../../../usr/local/lib/libglfw3.a; sourceTree = "<group>"; };
		B7BD281E205C9B94008F037A /* data */ = {isa = PBXFileReference; lastKnownFileType = folder; name = data; path = ../data; sourceTree = "<group>"; };
		B7BD2820205C9BA5008F037A /* linmath.h */ = {isa = PBXFileReference; lastKnownFileType = sourcecode.c.h; name = linmath.h; path = ../src/linmath.h; sourceTree = "<group>"; };
		B7BD2821205C9BA5008F037A /* linmath.cpp */ = {isa = PBXFileReference; lastKnownFileType = sourcecode.cpp.cpp; name = linmath.cpp; path = ../src/linmath.cpp; sourceTree = "<group>"; };
		B7BD2822205C9BA5008F037A /* Components.h */ = {isa = PBXFileReference; lastKnownFileType = sourcecode.c.h; name = Components.h; path = ../src/Components.h; sourceTree = "<group>"; };
		B7BD2823205C9BA5008F037A /* GraphicsSystem.cpp */ = {isa = PBXFileReference; lastKnownFileType = sourcecode.cpp.cpp; name = GraphicsSystem.cpp; path = ../src/GraphicsSystem.cpp; sourceTree = "<group>"; };
		B7BD2824205C9BA5008F037A /* Game.h */ = {isa = PBXFileReference; lastKnownFileType = sourcecode.c.h; name = Game.h; path = ../src/Game.h; sourceTree = "<group>"; };
		B7BD2825205C9BA6008F037A /* GraphicsSystem.h */ = {isa = PBXFileReference; lastKnownFileType = sourcecode.c.h; name = GraphicsSystem.h; path = ../src/GraphicsSystem.h; sourceTree = "<group>"; };
		B7BD2826205C9BA6008F037A /* Camera.h */ = {isa = PBXFileReference; lastKnownFileType = sourcecode.c.h; name = Camera.h; path = ../src/Camera.h; sourceTree = "<group>"; };
		B7BD2827205C9BA6008F037A /* main.cpp */ = {isa = PBXFileReference; lastKnownFileType = sourcecode.cpp.cpp; name = main.cpp; path = ../src/main.cpp; sourceTree = "<group>"; };
		B7BD2828205C9BA6008F037A /* Texture.cpp */ = {isa = PBXFileReference; lastKnownFileType = sourcecode.cpp.cpp; name = Texture.cpp; path = ../src/Texture.cpp; sourceTree = "<group>"; };
		B7BD2829205C9BA6008F037A /* Shader.cpp */ = {isa = PBXFileReference; lastKnownFileType = sourcecode.cpp.cpp; name = Shader.cpp; path = ../src/Shader.cpp; sourceTree = "<group>"; };
		B7BD282A205C9BA6008F037A /* Camera.cpp */ = {isa = PBXFileReference; lastKnownFileType = sourcecode.cpp.cpp; name = Camera.cpp; path = ../src/Camera.cpp; sourceTree = "<group>"; };
		B7BD282B205C9BA6008F037A /* EntityComponentStore.h */ = {isa = PBXFileReference; lastKnownFileType = sourcecode.c.h; name = EntityComponentStore.h; path = ../src/EntityComponentStore.h; sourceTree = "<group>"; };
		B7BD282C205C9BA6008F037A /* Shader.h */ = {isa = PBXFileReference; lastKnownFileType = sourcecode.c.h; name = Shader.h; path = ../src/Shader.h; sourceTree = "<group>"; };
		B7BD282D205C9BA6008F037A /* Texture.h */ = {isa = PBXFileReference; lastKnownFileType = sourcecode.c.h; name = Texture.h; path = ../src/Texture.h; sourceTree = "<group>"; };
		B7BD282E205C9BA6008F037A /* includes.h */ = {isa = PBXFileReference; lastKnownFileType = sourcecode.c.h; name = includes.h; path = ../src/includes.h; sourceTree = "<group>"; };
		B7BD282F205C9BA6008F037A /* Game.cpp */ = {isa = PBXFileReference; lastKnownFileType = sourcecode.cpp.cpp; name = Game.cpp; path = ../src/Game.cpp; sourceTree = "<group>"; };
		B7BD2830205C9BA6008F037A /* extern.h */ = {isa = PBXFileReference; lastKnownFileType = sourcecode.c.h; name = extern.h; path = ../src/extern.h; sourceTree = "<group>"; };
/* End PBXFileReference section */

/* Begin PBXFrameworksBuildPhase section */
		B7BD2804205C9AAA008F037A /* Frameworks */ = {
			isa = PBXFrameworksBuildPhase;
			buildActionMask = 2147483647;
			files = (
				B7BD281C205C9B49008F037A /* libGLEW.a in Frameworks */,
				B7BD281D205C9B49008F037A /* libglfw3.a in Frameworks */,
				B7BD2819205C9AEB008F037A /* Cocoa.framework in Frameworks */,
				B7BD2817205C9AE6008F037A /* IOKit.framework in Frameworks */,
				B7BD2815205C9AE1008F037A /* CoreVideo.framework in Frameworks */,
				B7BD2813205C9AD8008F037A /* OpenGL.framework in Frameworks */,
			);
			runOnlyForDeploymentPostprocessing = 0;
		};
/* End PBXFrameworksBuildPhase section */

/* Begin PBXGroup section */
		B7BD27FE205C9AAA008F037A = {
			isa = PBXGroup;
			children = (
				B7BD282A205C9BA6008F037A /* Camera.cpp */,
				B7BD2826205C9BA6008F037A /* Camera.h */,
				B7BD2822205C9BA5008F037A /* Components.h */,
				B7BD282B205C9BA6008F037A /* EntityComponentStore.h */,
				B7BD2830205C9BA6008F037A /* extern.h */,
				B7BD282F205C9BA6008F037A /* Game.cpp */,
				B7BD2824205C9BA5008F037A /* Game.h */,
				B7BD2823205C9BA5008F037A /* GraphicsSystem.cpp */,
				B7BD2825205C9BA6008F037A /* GraphicsSystem.h */,
				B7BD282E205C9BA6008F037A /* includes.h */,
				B7BD2821205C9BA5008F037A /* linmath.cpp */,
				B7BD2820205C9BA5008F037A /* linmath.h */,
				B7BD2827205C9BA6008F037A /* main.cpp */,
				B7BD2829205C9BA6008F037A /* Shader.cpp */,
				B7BD282C205C9BA6008F037A /* Shader.h */,
				B7BD2828205C9BA6008F037A /* Texture.cpp */,
				B7BD282D205C9BA6008F037A /* Texture.h */,
				B7BD281E205C9B94008F037A /* data */,
				B7BD2808205C9AAA008F037A /* Products */,
				B7BD2811205C9AD7008F037A /* Frameworks */,
			);
			sourceTree = "<group>";
		};
		B7BD2808205C9AAA008F037A /* Products */ = {
			isa = PBXGroup;
			children = (
				B7BD2807205C9AAA008F037A /* 09-EntityComponentSystem */,
			);
			name = Products;
			sourceTree = "<group>";
		};
		B7BD2811205C9AD7008F037A /* Frameworks */ = {
			isa = PBXGroup;
			children = (
				B7BD281A205C9B49008F037A /* libGLEW.a */,
				B7BD281B205C9B49008F037A /* libglfw3.a */,
				B7BD2818205C9AEB008F037A /* Cocoa.framework */,
				B7BD2816205C9AE6008F037A /* IOKit.framework */,
				B7BD2814205C9AE1008F037A /* CoreVideo.framework */,
				B7BD2812205C9AD8008F037A /* OpenGL.framework */,
			);
			name = Frameworks;
			sourceTree = "<group>";
		};
/* End PBXGroup section */

/* Begin PBXNativeTarget section */
		B7BD2806205C9AAA008F037A /* 09-EntityComponentSystem */ = {
			isa = PBXNativeTarget;
			buildConfigurationList = B7BD280E205C9AAA008F037A /* Build configuration list for PBXNativeTarget "09-EntityComponentSystem" */;
			buildPhases = (
				B7BD2803205C9AAA008F037A /* Sources */,
				B7BD2804205C9AAA008F037A /* Frameworks */,
				B7BD2805205C9AAA008F037A /* CopyFiles */,
			);
			buildRules = (
			);
			dependencies = (
			);
			name = "09-EntityComponentSystem";
			productName = "09-EntityComponentSystem";
			productReference = B7BD2807205C9AAA008F037A /* 09-EntityComponentSystem */;
			productType = "com.apple.product-type.tool";
		};
/* End PBXNativeTarget section */

/* Begin PBXProject section */
		B7BD27FF205C9AAA008F037A /* Project object */ = {
			isa = PBXProject;
			attributes = {
				LastUpgradeCheck = 0900;
				ORGANIZATIONNAME = OpenGL_Book;
				TargetAttributes = {
					B7BD2806205C9AAA008F037A = {
						CreatedOnToolsVersion = 9.0;
						ProvisioningStyle = Automatic;
					};
				};
			};
			buildConfigurationList = B7BD2802205C9AAA008F037A /* Build configuration list for PBXProject "09-EntityComponentSystem" */;
			compatibilityVersion = "Xcode 8.0";
			developmentRegion = en;
			hasScannedForEncodings = 0;
			knownRegions = (
				en,
			);
			mainGroup = B7BD27FE205C9AAA008F037A;
			productRefGroup = B7BD2808205C9AAA008F037A /* Products */;
			projectDirPath = "";
			projectRoot = "";
			targets = (
				B7BD2806205C9AAA008F037A /* 09-EntityComponentSystem */,
			);
		};
/* End PBXProject section */

/* Begin PBXSourcesBuildPhase section */
		B7BD2803205C9AAA008F037A /* Sources */ = {
			isa = PBXSourcesBuildPhase;
			buildActionMask = 2147483647;
			files = (
				B7BD2838205C9BAF008F037A /* Camera.cpp in Sources */,
				B7BD283E205C9BAF008F037A /* Texture.cpp in Sources */,
				B7BD283B205C9BAF008F037A /* linmath.cpp in Sources */,
				B7BD283A205C9BAF008F037A /* GraphicsSystem.cpp in Sources */,
				B7BD283C205C9BAF008F037A /* main.cpp in Sources */,
				B7BD283D205C9BAF008F037A /* Shader.cpp in Sources */,
				B7BD2839205C9BAF008F037A /* Game.cpp in Sources */,
			);
			runOnlyForDeploymentPostprocessing = 0;
		};
/* End PBXSourcesBuildPhase section */

/* Begin XCBuildConfiguration section */
		B7BD280C205C9AAA008F037A /* Debug */ = {
			isa = XCBuildConfiguration;
			buildSettings = {
				ALWAYS_SEARCH_USER_PATHS = NO;
				CLANG_ANALYZER_NONNULL = YES;
				CLANG_ANALYZER_NUMBER_OBJECT_CONVERSION = YES_AGGRESSIVE;
				CLANG_CXX_LANGUAGE_STANDARD = "gnu++14";
				CLANG_CXX_LIBRARY = "libc++";
				CLANG_ENABLE_MODULES = YES;
				CLANG_ENABLE_OBJC_ARC = YES;
				CLANG_WARN_BLOCK_CAPTURE_AUTORELEASING = YES;
				CLANG_WARN_BOOL_CONVERSION = YES;
				CLANG_WARN_COMMA = YES;
				CLANG_WARN_CONSTANT_CONVERSION = YES;
				CLANG_WARN_DIRECT_OBJC_ISA_USAGE = YES_ERROR;
				CLANG_WARN_DOCUMENTATION_COMMENTS = YES;
				CLANG_WARN_EMPTY_BODY = YES;
				CLANG_WARN_ENUM_CONVERSION = YES;
				CLANG_WARN_INFINITE_RECURSION = YES;
				CLANG_WARN_INT_CONVERSION = YES;
				CLANG_WARN_NON_LITERAL_NULL_CONVERSION = YES;
				CLANG_WARN_OBJC_LITERAL_CONVERSION = YES;
				CLANG_WARN_OBJC_ROOT_CLASS = YES_ERROR;
				CLANG_WARN_RANGE_LOOP_ANALYSIS = YES;
				CLANG_WARN_STRICT_PROTOTYPES = YES;
				CLANG_WARN_SUSPICIOUS_MOVE = YES;
				CLANG_WARN_UNGUARDED_AVAILABILITY = YES_AGGRESSIVE;
				CLANG_WARN_UNREACHABLE_CODE = YES;
				CLANG_WARN__DUPLICATE_METHOD_MATCH = YES;
				CODE_SIGN_IDENTITY = "-";
				COPY_PHASE_STRIP = NO;
				DEBUG_INFORMATION_FORMAT = dwarf;
				ENABLE_STRICT_OBJC_MSGSEND = YES;
				ENABLE_TESTABILITY = YES;
				GCC_C_LANGUAGE_STANDARD = gnu11;
				GCC_DYNAMIC_NO_PIC = NO;
				GCC_NO_COMMON_BLOCKS = YES;
				GCC_OPTIMIZATION_LEVEL = 0;
				GCC_PREPROCESSOR_DEFINITIONS = (
					"DEBUG=1",
					"$(inherited)",
				);
				GCC_WARN_64_TO_32_BIT_CONVERSION = YES;
				GCC_WARN_ABOUT_RETURN_TYPE = YES_ERROR;
				GCC_WARN_UNDECLARED_SELECTOR = YES;
				GCC_WARN_UNINITIALIZED_AUTOS = YES_AGGRESSIVE;
				GCC_WARN_UNUSED_FUNCTION = YES;
				GCC_WARN_UNUSED_VARIABLE = YES;
				MACOSX_DEPLOYMENT_TARGET = 10.12;
				MTL_ENABLE_DEBUG_INFO = YES;
				ONLY_ACTIVE_ARCH = YES;
				SDKROOT = macosx;
			};
			name = Debug;
		};
		B7BD280D205C9AAA008F037A /* Release */ = {
			isa = XCBuildConfiguration;
			buildSettings = {
				ALWAYS_SEARCH_USER_PATHS = NO;
				CLANG_ANALYZER_NONNULL = YES;
				CLANG_ANALYZER_NUMBER_OBJECT_CONVERSION = YES_AGGRESSIVE;
				CLANG_CXX_LANGUAGE_STANDARD = "gnu++14";
				CLANG_CXX_LIBRARY = "libc++";
				CLANG_ENABLE_MODULES = YES;
				CLANG_ENABLE_OBJC_ARC = YES;
				CLANG_WARN_BLOCK_CAPTURE_AUTORELEASING = YES;
				CLANG_WARN_BOOL_CONVERSION = YES;
				CLANG_WARN_COMMA = YES;
				CLANG_WARN_CONSTANT_CONVERSION = YES;
				CLANG_WARN_DIRECT_OBJC_ISA_USAGE = YES_ERROR;
				CLANG_WARN_DOCUMENTATION_COMMENTS = YES;
				CLANG_WARN_EMPTY_BODY = YES;
				CLANG_WARN_ENUM_CONVERSION = YES;
				CLANG_WARN_INFINITE_RECURSION = YES;
				CLANG_WARN_INT_CONVERSION = YES;
				CLANG_WARN_NON_LITERAL_NULL_CONVERSION = YES;
				CLANG_WARN_OBJC_LITERAL_CONVERSION = YES;
				CLANG_WARN_OBJC_ROOT_CLASS = YES_ERROR;
				CLANG_WARN_RANGE_LOOP_ANALYSIS = YES;
				CLANG_WARN_STRICT_PROTOTYPES = YES;
				CLANG_WARN_SUSPICIOUS_MOVE = YES;
				CLANG_WARN_UNGUARDED_AVAILABILITY = YES_AGGRESSIVE;
				CLANG_WARN_UNREACHABLE_CODE = YES;
				CLANG_WARN__DUPLICATE_METHOD_MATCH = YES;
				CODE_SIGN_IDENTITY = "-";
				COPY_PHASE_STRIP = NO;
				DEBUG_INFORMATION_FORMAT = "dwarf-with-dsym";
				ENABLE_NS_ASSERTIONS = NO;
				ENABLE_STRICT_OBJC_MSGSEND = YES;
				GCC_C_LANGUAGE_STANDARD = gnu11;
				GCC_NO_COMMON_BLOCKS = YES;
				GCC_WARN_64_TO_32_BIT_CONVERSION = YES;
				GCC_WARN_ABOUT_RETURN_TYPE = YES_ERROR;
				GCC_WARN_UNDECLARED_SELECTOR = YES;
				GCC_WARN_UNINITIALIZED_AUTOS = YES_AGGRESSIVE;
				GCC_WARN_UNUSED_FUNCTION = YES;
				GCC_WARN_UNUSED_VARIABLE = YES;
				MACOSX_DEPLOYMENT_TARGET = 10.12;
				MTL_ENABLE_DEBUG_INFO = NO;
				SDKROOT = macosx;
			};
			name = Release;
		};
		B7BD280F205C9AAA008F037A /* Debug */ = {
			isa = XCBuildConfiguration;
			buildSettings = {
				CLANG_WARN_DOCUMENTATION_COMMENTS = NO;
				CODE_SIGN_STYLE = Automatic;
				HEADER_SEARCH_PATHS = /usr/local/include;
				LIBRARY_SEARCH_PATHS = (
					"$(inherited)",
					/usr/local/Cellar/glew/2.1.0/lib,
					/usr/local/lib,
				);
				PRODUCT_NAME = "$(TARGET_NAME)";
			};
			name = Debug;
		};
		B7BD2810205C9AAA008F037A /* Release */ = {
			isa = XCBuildConfiguration;
			buildSettings = {
				CLANG_WARN_DOCUMENTATION_COMMENTS = NO;
				CODE_SIGN_STYLE = Automatic;
				HEADER_SEARCH_PATHS = /usr/local/include;
				LIBRARY_SEARCH_PATHS = (
					"$(inherited)",
					/usr/local/Cellar/glew/2.1.0/lib,
					/usr/local/lib,
				);
				PRODUCT_NAME = "$(TARGET_NAME)";
			};
			name = Release;
		};
/* End XCBuildConfiguration section */

/* Begin XCConfigurationList section */
		B7BD2802205C9AAA008F037A /* Build configuration list for PBXProject "09-EntityComponentSystem" */ = {
			isa = XCConfigurationList;
			buildConfigurations = (
				B7BD280C205C9AAA008F037A /* Debug */,
				B7BD280D205C9AAA008F037A /* Release */,
			);
			defaultConfigurationIsVisible = 0;
			defaultConfigurationName = Release;
		};
		B7BD280E205C9AAA008F037A /* Build configuration list for PBXNativeTarget "09-EntityComponentSystem" */ = {
			isa = XCConfigurationList;
			buildConfigurations = (
				B7BD280F205C9AAA008F037A /* Debug */,
				B7BD2810205C9AAA008F037A /* Release */,
			);
			defaultConfigurationIsVisible = 0;
			defaultConfigurationName = Release;
		};
/* End XCConfigurationList section */
	};
	rootObject = B7BD27FF205C9AAA008F037A /* Project object */;
}
